
Microsoft Visual Studio Solution File, Format Version 12.00
# Visual Studio 15
VisualStudioVersion = 15.0.27703.2018
MinimumVisualStudioVersion = 10.0.40219.1
Project("{9A19103F-16F7-4668-BE54-9A1E7A4F7556}") = "MyFirstDotNETCore", "MyFirstDotNETCore\MyFirstDotNETCore.csproj", "{A7C05C3D-E9D0-4CF3-B772-1E88F6DFC1AD}"
EndProject
Project("{E53339B2-1760-4266-BCC7-CA923CBCF16C}") = "docker-compose", "docker-compose.dcproj", "{A60435F0-8675-448E-A1CB-2BA37C065C9B}"
EndProject
Project("{9A19103F-16F7-4668-BE54-9A1E7A4F7556}") = "test", "..\test\test.csproj", "{C09610D0-B2D2-42BE-8FBD-DE01083A7D67}"
EndProject
Global
	GlobalSection(SolutionConfigurationPlatforms) = preSolution
		Debug|Any CPU = Debug|Any CPU
		Release|Any CPU = Release|Any CPU
	EndGlobalSection
	GlobalSection(ProjectConfigurationPlatforms) = postSolution
		{A7C05C3D-E9D0-4CF3-B772-1E88F6DFC1AD}.Debug|Any CPU.ActiveCfg = Debug|Any CPU
		{A7C05C3D-E9D0-4CF3-B772-1E88F6DFC1AD}.Debug|Any CPU.Build.0 = Debug|Any CPU
		{A7C05C3D-E9D0-4CF3-B772-1E88F6DFC1AD}.Release|Any CPU.ActiveCfg = Release|Any CPU
		{A7C05C3D-E9D0-4CF3-B772-1E88F6DFC1AD}.Release|Any CPU.Build.0 = Release|Any CPU
		{A60435F0-8675-448E-A1CB-2BA37C065C9B}.Debug|Any CPU.ActiveCfg = Debug|Any CPU
		{A60435F0-8675-448E-A1CB-2BA37C065C9B}.Debug|Any CPU.Build.0 = Debug|Any CPU
		{A60435F0-8675-448E-A1CB-2BA37C065C9B}.Release|Any CPU.ActiveCfg = Release|Any CPU
		{A60435F0-8675-448E-A1CB-2BA37C065C9B}.Release|Any CPU.Build.0 = Release|Any CPU
		{C09610D0-B2D2-42BE-8FBD-DE01083A7D67}.Debug|Any CPU.ActiveCfg = Debug|Any CPU
		{C09610D0-B2D2-42BE-8FBD-DE01083A7D67}.Debug|Any CPU.Build.0 = Debug|Any CPU
		{C09610D0-B2D2-42BE-8FBD-DE01083A7D67}.Release|Any CPU.ActiveCfg = Release|Any CPU
		{C09610D0-B2D2-42BE-8FBD-DE01083A7D67}.Release|Any CPU.Build.0 = Release|Any CPU
	EndGlobalSection
	GlobalSection(SolutionProperties) = preSolution
		HideSolutionNode = FALSE
	EndGlobalSection
	GlobalSection(ExtensibilityGlobals) = postSolution
		SolutionGuid = {ACA6E63B-CCCC-4AE0-B7DE-08278DB5F7FC}
	EndGlobalSection
EndGlobal
